# THIS IS AN AUTOGENERATED FILE. DO NOT EDIT THIS FILE DIRECTLY.
# yarn lockfile v1


"@ardatan/sync-fetch@^0.0.1":
  version "0.0.1"
  resolved "https://registry.yarnpkg.com/@ardatan/sync-fetch/-/sync-fetch-0.0.1.tgz#3385d3feedceb60a896518a1db857ec1e945348f"
  integrity sha512-xhlTqH0m31mnsG0tIP4ETgfSB6gXDaYYsUWTrlUV93fFQPI9dd8hE0Ot6MHLCtqgB32hwJAC3YZMWlXZw7AleA==
  dependencies:
    node-fetch "^2.6.1"

"@aws-cdk/assets@1.204.0":
  version "1.204.0"
  resolved "https://registry.yarnpkg.com/@aws-cdk/assets/-/assets-1.204.0.tgz#64226409328c5fb71f53a32e87a93fd9dcfcc751"
  integrity sha512-rY9YHZ3gUWr+dLwTwSUWYbIfk/AXy4JZRkhLbunrtzjQhH+QMm/2IWIebfBGu+A5AlVRaFbRLonReuGP5WZoUQ==
  dependencies:
    "@aws-cdk/core" "1.204.0"
    "@aws-cdk/cx-api" "1.204.0"
    constructs "^3.3.69"

"@aws-cdk/aws-applicationautoscaling@1.204.0":
  version "1.204.0"
  resolved "https://registry.yarnpkg.com/@aws-cdk/aws-applicationautoscaling/-/aws-applicationautoscaling-1.204.0.tgz#f4e2f4855aa5aeff61013872ec08a2bf6de6ac93"
  integrity sha512-sEe2NODKUowJx2guM2SPfs/20gGdBq1C09M32b8c1im7K+PqQkHkE156nyz5Ml0hpsNeCZlRS17oKZ042aZevQ==
  dependencies:
    "@aws-cdk/aws-autoscaling-common" "1.204.0"
    "@aws-cdk/aws-cloudwatch" "1.204.0"
    "@aws-cdk/aws-iam" "1.204.0"
    "@aws-cdk/core" "1.204.0"
    constructs "^3.3.69"

"@aws-cdk/aws-autoscaling-common@1.204.0":
  version "1.204.0"
  resolved "https://registry.yarnpkg.com/@aws-cdk/aws-autoscaling-common/-/aws-autoscaling-common-1.204.0.tgz#e4afa50082a0be4c645d742dd017095a0b9f01b4"
  integrity sha512-P+PwbTaj28Eg9+/U9ZTXTh1gA7L9Z45GL+9xcEZvEqAkJt9MNgzZICavVZu1sMD74foK1r1ZOBXTsqV6wEiltQ==
  dependencies:
    "@aws-cdk/aws-iam" "1.204.0"
    "@aws-cdk/core" "1.204.0"
    constructs "^3.3.69"

"@aws-cdk/aws-cloudwatch@1.204.0":
  version "1.204.0"
  resolved "https://registry.yarnpkg.com/@aws-cdk/aws-cloudwatch/-/aws-cloudwatch-1.204.0.tgz#ebbff80bb5daafeac29e87d0983ab0e81e743a6d"
  integrity sha512-ADT2D+4FtB9Zcy/TlF2tswQmjmrPVgORYTkznQQ2SniCODHWzz558+G1RV+IVvWRdH7nYQtV0UEuGZKpffWh2w==
  dependencies:
    "@aws-cdk/aws-iam" "1.204.0"
    "@aws-cdk/core" "1.204.0"
    constructs "^3.3.69"

"@aws-cdk/aws-codeguruprofiler@1.204.0":
  version "1.204.0"
  resolved "https://registry.yarnpkg.com/@aws-cdk/aws-codeguruprofiler/-/aws-codeguruprofiler-1.204.0.tgz#c9ea55075f5d179193db823d4800369698f16c7f"
  integrity sha512-IrgY4SmVf9p5POfHm8BsPzaAO5lQTG7nhb5qN5AzS6zKCTuEjjTNHjx1TOfPV12mMIDAIVsK91mjDlAR88Mjbg==
  dependencies:
    "@aws-cdk/aws-iam" "1.204.0"
    "@aws-cdk/core" "1.204.0"
    constructs "^3.3.69"

"@aws-cdk/aws-codestarnotifications@1.204.0":
  version "1.204.0"
  resolved "https://registry.yarnpkg.com/@aws-cdk/aws-codestarnotifications/-/aws-codestarnotifications-1.204.0.tgz#4f67f4d6ee6d2dd25cf55422d28e42a400b0f7c3"
  integrity sha512-t//hSpC5/uVW2321YlbGabNVzhWayvqz+xSnagADGcT9qiq3KQR/uUlrgpHv1/eHRMk7EMrY9prlXeZpfzZ+cw==
  dependencies:
    "@aws-cdk/core" "1.204.0"
    constructs "^3.3.69"

"@aws-cdk/aws-ec2@1.204.0":
  version "1.204.0"
  resolved "https://registry.yarnpkg.com/@aws-cdk/aws-ec2/-/aws-ec2-1.204.0.tgz#5cbbed9e34b4333f345b2a332d19c7e8849dd34d"
  integrity sha512-SoqZEgzdfPW0aa+FQ0CjzbDG+X+sDu6/BnLL2O10lxpa+9Dc1iyArAqNKFJG5KXGJe9ibvQXyNQqEjeGRFc22Q==
  dependencies:
    "@aws-cdk/aws-cloudwatch" "1.204.0"
    "@aws-cdk/aws-iam" "1.204.0"
    "@aws-cdk/aws-kms" "1.204.0"
    "@aws-cdk/aws-logs" "1.204.0"
    "@aws-cdk/aws-s3" "1.204.0"
    "@aws-cdk/aws-s3-assets" "1.204.0"
    "@aws-cdk/aws-ssm" "1.204.0"
    "@aws-cdk/cloud-assembly-schema" "1.204.0"
    "@aws-cdk/core" "1.204.0"
    "@aws-cdk/cx-api" "1.204.0"
    "@aws-cdk/region-info" "1.204.0"
    constructs "^3.3.69"

"@aws-cdk/aws-ecr-assets@1.204.0":
  version "1.204.0"
  resolved "https://registry.yarnpkg.com/@aws-cdk/aws-ecr-assets/-/aws-ecr-assets-1.204.0.tgz#c4dd58d08af1e4a37f0b8c41517d600377efa013"
  integrity sha512-2GHD3pZdDoPxq3HhD4czANuI7TMoxpjszbzsQAc2wbdMX1j+K4vIL+PBpj3altfscPqcvy1v70lBjbG5rcBIkQ==
  dependencies:
    "@aws-cdk/assets" "1.204.0"
    "@aws-cdk/aws-ecr" "1.204.0"
    "@aws-cdk/aws-iam" "1.204.0"
    "@aws-cdk/aws-s3" "1.204.0"
    "@aws-cdk/core" "1.204.0"
    "@aws-cdk/cx-api" "1.204.0"
    constructs "^3.3.69"

"@aws-cdk/aws-ecr@1.204.0":
  version "1.204.0"
  resolved "https://registry.yarnpkg.com/@aws-cdk/aws-ecr/-/aws-ecr-1.204.0.tgz#26b3e0027f00025e525af01a359916d0952d62b4"
  integrity sha512-oCts9e+ackWoFHeyn/3oKm3X1lSizleWNNXHp5WGM38lpNVrtCLMKSShu5iXJBhqRH2Mz1AcA4fDMWhe8DvJFA==
  dependencies:
    "@aws-cdk/aws-events" "1.204.0"
    "@aws-cdk/aws-iam" "1.204.0"
    "@aws-cdk/aws-kms" "1.204.0"
    "@aws-cdk/core" "1.204.0"
    constructs "^3.3.69"

"@aws-cdk/aws-efs@1.204.0":
  version "1.204.0"
  resolved "https://registry.yarnpkg.com/@aws-cdk/aws-efs/-/aws-efs-1.204.0.tgz#3fa08ec0aef1f8123f43da8317c38def45f45727"
  integrity sha512-FB6nHgCuzYF5K9ywqYPEPjL2G1ATLIR9dJp1p4ydcEUuXDb4KSEVN4Bgx+q1e7EkWGIq+9glr+ckheEcTvETgw==
  dependencies:
    "@aws-cdk/aws-ec2" "1.204.0"
    "@aws-cdk/aws-iam" "1.204.0"
    "@aws-cdk/aws-kms" "1.204.0"
    "@aws-cdk/cloud-assembly-schema" "1.204.0"
    "@aws-cdk/core" "1.204.0"
    "@aws-cdk/cx-api" "1.204.0"
    constructs "^3.3.69"

"@aws-cdk/aws-events@1.204.0":
  version "1.204.0"
  resolved "https://registry.yarnpkg.com/@aws-cdk/aws-events/-/aws-events-1.204.0.tgz#4f51f9cb0d9194926e5ea8847ff1edcfd628c675"
  integrity sha512-KnfUmtv+4RhydD9+5CHFxNJxtgn7+Xftwfwg1G7qV/tWYPFHcNIvhlSOgwDrQPa+pTo1MmkiUN0lAR0G8B/cbw==
  dependencies:
    "@aws-cdk/aws-iam" "1.204.0"
    "@aws-cdk/core" "1.204.0"
    constructs "^3.3.69"

"@aws-cdk/aws-iam@1.204.0":
  version "1.204.0"
  resolved "https://registry.yarnpkg.com/@aws-cdk/aws-iam/-/aws-iam-1.204.0.tgz#badff9e72fb8321e868ec9e01d1c87e9e1c8fc13"
  integrity sha512-Fh2egW3v/uDdw3m4jvcupS7COL/+sJl2NHjz9l298ddyMxqDwJD2NQwE8mvgPLK4rDtAtDnE0c8RS6d+NWiC+w==
  dependencies:
    "@aws-cdk/core" "1.204.0"
    "@aws-cdk/cx-api" "1.204.0"
    "@aws-cdk/region-info" "1.204.0"
    constructs "^3.3.69"

"@aws-cdk/aws-kms@1.204.0":
  version "1.204.0"
  resolved "https://registry.yarnpkg.com/@aws-cdk/aws-kms/-/aws-kms-1.204.0.tgz#fedde4b7e62b7277e346271634ee278618695b1f"
  integrity sha512-iryZQ428L1VUVQ0zE96XTWWX7ANVtDrb6x+ZXXLTVUEPgjEd/W6zlcp++Qi0A3a9HLNd4PbEhK9rs0UKNTylzw==
  dependencies:
    "@aws-cdk/aws-iam" "1.204.0"
    "@aws-cdk/cloud-assembly-schema" "1.204.0"
    "@aws-cdk/core" "1.204.0"
    "@aws-cdk/cx-api" "1.204.0"
    constructs "^3.3.69"

"@aws-cdk/aws-lambda@^1.204.0":
  version "1.204.0"
  resolved "https://registry.yarnpkg.com/@aws-cdk/aws-lambda/-/aws-lambda-1.204.0.tgz#2b5a7f6a75ddb82a6960fae2ab0ea6041d4250d8"
  integrity sha512-r0XXovrLAx8Q8Fz915SwzyQM/KLhEB6YCp3CsWliFGSOHEjRP8yX8UZdEJqe5kYD7Th9JAhUVzKgyv20P7g5Tg==
  dependencies:
    "@aws-cdk/aws-applicationautoscaling" "1.204.0"
    "@aws-cdk/aws-cloudwatch" "1.204.0"
    "@aws-cdk/aws-codeguruprofiler" "1.204.0"
    "@aws-cdk/aws-ec2" "1.204.0"
    "@aws-cdk/aws-ecr" "1.204.0"
    "@aws-cdk/aws-ecr-assets" "1.204.0"
    "@aws-cdk/aws-efs" "1.204.0"
    "@aws-cdk/aws-events" "1.204.0"
    "@aws-cdk/aws-iam" "1.204.0"
    "@aws-cdk/aws-kms" "1.204.0"
    "@aws-cdk/aws-logs" "1.204.0"
    "@aws-cdk/aws-s3" "1.204.0"
    "@aws-cdk/aws-s3-assets" "1.204.0"
    "@aws-cdk/aws-signer" "1.204.0"
    "@aws-cdk/aws-sns" "1.204.0"
    "@aws-cdk/aws-sqs" "1.204.0"
    "@aws-cdk/core" "1.204.0"
    "@aws-cdk/cx-api" "1.204.0"
    "@aws-cdk/region-info" "1.204.0"
    constructs "^3.3.69"

"@aws-cdk/aws-logs@1.204.0":
  version "1.204.0"
  resolved "https://registry.yarnpkg.com/@aws-cdk/aws-logs/-/aws-logs-1.204.0.tgz#df5e1f034045eb21da4107c5c45f51ebc2d7f33e"
  integrity sha512-PuHsDSkX6JFBgldxViGw91eFLageJ2cX89/RyLbWaJJUV4tlUKXSmmkVgOaBmvil0QKuGqbOzLXcXCoIK9Sg3A==
  dependencies:
    "@aws-cdk/aws-cloudwatch" "1.204.0"
    "@aws-cdk/aws-iam" "1.204.0"
    "@aws-cdk/aws-kms" "1.204.0"
    "@aws-cdk/aws-s3-assets" "1.204.0"
    "@aws-cdk/core" "1.204.0"
    "@aws-cdk/cx-api" "1.204.0"
    constructs "^3.3.69"

"@aws-cdk/aws-s3-assets@1.204.0":
  version "1.204.0"
  resolved "https://registry.yarnpkg.com/@aws-cdk/aws-s3-assets/-/aws-s3-assets-1.204.0.tgz#3b9f94681b9410bb4ad05833c657544b831966eb"
  integrity sha512-3MQbVZ95wW29Bl63tqu0Bz0td3osLyGg352l5G7Ztf3nK35FpuQlgxO4kcu74+s2sRwdd/R4KFV6eWhhPk+J7g==
  dependencies:
    "@aws-cdk/assets" "1.204.0"
    "@aws-cdk/aws-iam" "1.204.0"
    "@aws-cdk/aws-kms" "1.204.0"
    "@aws-cdk/aws-s3" "1.204.0"
    "@aws-cdk/core" "1.204.0"
    "@aws-cdk/cx-api" "1.204.0"
    constructs "^3.3.69"

"@aws-cdk/aws-s3@1.204.0":
  version "1.204.0"
  resolved "https://registry.yarnpkg.com/@aws-cdk/aws-s3/-/aws-s3-1.204.0.tgz#230dfe845ddc515f9700193db961a06ab62b36f7"
  integrity sha512-jsQ4n1L4MdPYDirBoOYgg7yzSk1TaFYo4dnwDlKiLJ5LcHG3Nai1cHb9XQbCy/9KKqbWsbd3WlkH+vcWEl8EUA==
  dependencies:
    "@aws-cdk/aws-events" "1.204.0"
    "@aws-cdk/aws-iam" "1.204.0"
    "@aws-cdk/aws-kms" "1.204.0"
    "@aws-cdk/core" "1.204.0"
    "@aws-cdk/cx-api" "1.204.0"
    constructs "^3.3.69"

"@aws-cdk/aws-signer@1.204.0":
  version "1.204.0"
  resolved "https://registry.yarnpkg.com/@aws-cdk/aws-signer/-/aws-signer-1.204.0.tgz#2a8b0c78007f8c78009b065c39020bce3d001f72"
  integrity sha512-AI26FhWF3+f/vDh3mleQa2CXv2/CmSerXgyk4XHMVVTTCjnlYGGmHmGlzYhqOSw6ALpQNdOSw8GVxU/ySpQCaw==
  dependencies:
    "@aws-cdk/core" "1.204.0"
    constructs "^3.3.69"

"@aws-cdk/aws-sns@1.204.0":
  version "1.204.0"
  resolved "https://registry.yarnpkg.com/@aws-cdk/aws-sns/-/aws-sns-1.204.0.tgz#6519eaed4bb3aa2deb3171186ce0b1ccb0105d08"
  integrity sha512-KoWxqKT/dTjt9Pk0a3kJLcd6xZHvrwbZDC0mrLtxdRNhQoHmnURAHW2UqX/lefrCU1GcUFf4L58N9ehBTunAFQ==
  dependencies:
    "@aws-cdk/aws-cloudwatch" "1.204.0"
    "@aws-cdk/aws-codestarnotifications" "1.204.0"
    "@aws-cdk/aws-events" "1.204.0"
    "@aws-cdk/aws-iam" "1.204.0"
    "@aws-cdk/aws-kms" "1.204.0"
    "@aws-cdk/aws-sqs" "1.204.0"
    "@aws-cdk/core" "1.204.0"
    constructs "^3.3.69"

"@aws-cdk/aws-sqs@1.204.0":
  version "1.204.0"
  resolved "https://registry.yarnpkg.com/@aws-cdk/aws-sqs/-/aws-sqs-1.204.0.tgz#0a997bdc427a4da346d8e16542be8fa7bc4929b6"
  integrity sha512-dVzuGMh6d5/X9P9jel1w2Wgdy5MuSE35+eBSFxN+S7oJRoVSARpyKMNYAPMCW+2OJCDw7fIqO1rWbsZBT1Gq8g==
  dependencies:
    "@aws-cdk/aws-cloudwatch" "1.204.0"
    "@aws-cdk/aws-iam" "1.204.0"
    "@aws-cdk/aws-kms" "1.204.0"
    "@aws-cdk/core" "1.204.0"
    constructs "^3.3.69"

"@aws-cdk/aws-ssm@1.204.0":
  version "1.204.0"
  resolved "https://registry.yarnpkg.com/@aws-cdk/aws-ssm/-/aws-ssm-1.204.0.tgz#586e7118c6ee36c20b227de2bd5926e53e37fffc"
  integrity sha512-yYx7HZ8cWNXDAmX/99WkB477QhLoV2rcB8orei8aj7nRkNq5TMjeox0IJaZVgU+edNEDOi1fVX3flh0SAMiUrg==
  dependencies:
    "@aws-cdk/aws-iam" "1.204.0"
    "@aws-cdk/aws-kms" "1.204.0"
    "@aws-cdk/cloud-assembly-schema" "1.204.0"
    "@aws-cdk/core" "1.204.0"
    constructs "^3.3.69"

"@aws-cdk/cloud-assembly-schema@1.204.0":
  version "1.204.0"
  resolved "https://registry.yarnpkg.com/@aws-cdk/cloud-assembly-schema/-/cloud-assembly-schema-1.204.0.tgz#2d9f44ad764b0700b334dd3392c573d06a3f9045"
  integrity sha512-DMNSR4DNKMNNfhOq1UizwZvesOKdhk3R3gRigrvWBHIkHMQg+W6aZFl7WZLKSBkChAXhIsH///psjhDQ20gl1w==
  dependencies:
    jsonschema "^1.4.1"
    semver "^7.3.8"

"@aws-cdk/core@1.204.0":
  version "1.204.0"
  resolved "https://registry.yarnpkg.com/@aws-cdk/core/-/core-1.204.0.tgz#456909d3977cfc89b05a286160e6c8e8f6271fb0"
  integrity sha512-yO/flJ9ihpzRhLTEqlbdbuPGtyyghHiiQPkUTLslwUM5vThVTbpgvW4UQHSGqytyst4MYXrN2jQn2RkwIRU57g==
  dependencies:
    "@aws-cdk/cloud-assembly-schema" "1.204.0"
    "@aws-cdk/cx-api" "1.204.0"
    "@aws-cdk/region-info" "1.204.0"
    "@balena/dockerignore" "^1.0.2"
    constructs "^3.3.69"
    fs-extra "^9.1.0"
    ignore "^5.2.4"
    minimatch "^3.1.2"

"@aws-cdk/cx-api@1.204.0":
  version "1.204.0"
  resolved "https://registry.yarnpkg.com/@aws-cdk/cx-api/-/cx-api-1.204.0.tgz#708b7bc5e9e0df214d74a19d9dcf80ad54188cdf"
  integrity sha512-Juh/jL1kFPD5JcI9Uu6X0mM2L6hBCN5grdjSS40F8dThbH25VPzFBejaKjiy5nP1UZB83X+HW3utYOEi97DqxA==
  dependencies:
    "@aws-cdk/cloud-assembly-schema" "1.204.0"
    semver "^7.3.8"

"@aws-cdk/region-info@1.204.0":
  version "1.204.0"
  resolved "https://registry.yarnpkg.com/@aws-cdk/region-info/-/region-info-1.204.0.tgz#10f41cd7cd8c851108e386758cc850c6cb25dbf3"
  integrity sha512-lPkYJNoN4Gjlf0Fdfgcd1RTm5RD9qtfaFMwVvTn2KGTr7ZqmFskGQ9FqIcd5vd6GmsbAL8OrFOToLr1AHDuOiQ==

"@balena/dockerignore@^1.0.2":
  version "1.0.2"
  resolved "https://registry.yarnpkg.com/@balena/dockerignore/-/dockerignore-1.0.2.tgz#9ffe4726915251e8eb69f44ef3547e0da2c03e0d"
  integrity sha512-wMue2Sy4GAVTk6Ic4tJVcnfdau+gx2EnG7S+uAEe+TWJFqE4YoWN4/H8MSLj4eYJKxGg26lZwboEniNiNwZQ6Q==

"@envelop/core@4.0.0", "@envelop/core@^4.0.0":
  version "4.0.0"
  resolved "https://registry.yarnpkg.com/@envelop/core/-/core-4.0.0.tgz#3aa22494c55b65abedb2983e2722055e6873575d"
  integrity sha512-6usEZO86hWT0ZajAbhOX0QXlV++lrlEmu8br6KQVvyXOxttiHADIibgfzb3GtSI7RnnJDnrcRb7Jynv6Lca3iQ==
  dependencies:
    "@envelop/types" "4.0.0"
    tslib "^2.5.0"

"@envelop/extended-validation@^3.0.0":
  version "3.0.0"
  resolved "https://registry.yarnpkg.com/@envelop/extended-validation/-/extended-validation-3.0.0.tgz#463274e9132f8cf8ec7e666c5093757f61919a85"
  integrity sha512-nW3EjF27qghKszEbhSJFf7jTyoXZcU5XtWCHCuq+ghJOzkjMRQdMHkoiTWhScpAvJc0i26lyWTsZ/SZ0+xIRVA==
  dependencies:
    "@graphql-tools/utils" "^10.0.0"
    tslib "^2.5.0"

"@envelop/sentry@6.0.0":
  version "6.0.0"
  resolved "https://registry.yarnpkg.com/@envelop/sentry/-/sentry-6.0.0.tgz#4b9e64c268fee359a636f9d0083e66245c0d86d1"
  integrity sha512-qvGzmHXTvVIptyk55ROTWLZZl/S0FRv/grUNfXKWRDBPnOTgGFlXTm8dFklRIJC5s+ws9cMDlLjkXep/M2JBVg==
  dependencies:
    tslib "^2.5.0"

"@envelop/types@4.0.0":
  version "4.0.0"
  resolved "https://registry.yarnpkg.com/@envelop/types/-/types-4.0.0.tgz#6491d15b471434e74cd4b2321b68b8bb95f0ae61"
  integrity sha512-dmBK16VVfKCkqYYemvE+gt1cPBP0d9CbYO4yjNhSSYy9K+w6+Lw48wOLK238mSR339PNAvwj/JW/qzNy2llggA==
  dependencies:
    tslib "^2.5.0"

"@esbuild/android-arm64@0.18.16":
  version "0.18.16"
  resolved "https://registry.yarnpkg.com/@esbuild/android-arm64/-/android-arm64-0.18.16.tgz#34f562abc0015933aabd41b3d50d8d3359e30155"
  integrity sha512-wsCqSPqLz+6Ov+OM4EthU43DyYVVyfn15S4j1bJzylDpc1r1jZFFfJQNfDuT8SlgwuqpmpJXK4uPlHGw6ve7eA==

"@esbuild/android-arm@0.18.16":
  version "0.18.16"
  resolved "https://registry.yarnpkg.com/@esbuild/android-arm/-/android-arm-0.18.16.tgz#ef6f9aa59a79a9b9330a2e73f7eb402c6630c267"
  integrity sha512-gCHjjQmA8L0soklKbLKA6pgsLk1byULuHe94lkZDzcO3/Ta+bbeewJioEn1Fr7kgy9NWNFy/C+MrBwC6I/WCug==

"@esbuild/android-x64@0.18.16":
  version "0.18.16"
  resolved "https://registry.yarnpkg.com/@esbuild/android-x64/-/android-x64-0.18.16.tgz#ed7444cb17542932c67b15e20528686853239cfd"
  integrity sha512-ldsTXolyA3eTQ1//4DS+E15xl0H/3DTRJaRL0/0PgkqDsI0fV/FlOtD+h0u/AUJr+eOTlZv4aC9gvfppo3C4sw==

"@esbuild/darwin-arm64@0.18.16":
  version "0.18.16"
  resolved "https://registry.yarnpkg.com/@esbuild/darwin-arm64/-/darwin-arm64-0.18.16.tgz#3c5a083e6e08a50f478fa243939989d86be1c6bf"
  integrity sha512-aBxruWCII+OtluORR/KvisEw0ALuw/qDQWvkoosA+c/ngC/Kwk0lLaZ+B++LLS481/VdydB2u6tYpWxUfnLAIw==

"@esbuild/darwin-x64@0.18.16":
  version "0.18.16"
  resolved "https://registry.yarnpkg.com/@esbuild/darwin-x64/-/darwin-x64-0.18.16.tgz#a8f3b61bee2807131cbe28eb164ad2b0333b59f5"
  integrity sha512-6w4Dbue280+rp3LnkgmriS1icOUZDyPuZo/9VsuMUTns7SYEiOaJ7Ca1cbhu9KVObAWfmdjUl4gwy9TIgiO5eA==

"@esbuild/freebsd-arm64@0.18.16":
  version "0.18.16"
  resolved "https://registry.yarnpkg.com/@esbuild/freebsd-arm64/-/freebsd-arm64-0.18.16.tgz#9bdbb3f0e5f0842b21c9b8602e70c106174ac24c"
  integrity sha512-x35fCebhe9s979DGKbVAwXUOcTmCIE32AIqB9CB1GralMIvxdnMLAw5CnID17ipEw9/3MvDsusj/cspYt2ZLNQ==

"@esbuild/freebsd-x64@0.18.16":
  version "0.18.16"
  resolved "https://registry.yarnpkg.com/@esbuild/freebsd-x64/-/freebsd-x64-0.18.16.tgz#24f73956436495cc7a5a4bf06be6b661aea6a2c1"
  integrity sha512-YM98f+PeNXF3GbxIJlUsj+McUWG1irguBHkszCIwfr3BXtXZsXo0vqybjUDFfu9a8Wr7uUD/YSmHib+EeGAFlg==

"@esbuild/linux-arm64@0.18.16":
  version "0.18.16"
  resolved "https://registry.yarnpkg.com/@esbuild/linux-arm64/-/linux-arm64-0.18.16.tgz#244569757f9cbd912f5a595a8ad8144f8c915f13"
  integrity sha512-XIqhNUxJiuy+zsR77+H5Z2f7s4YRlriSJKtvx99nJuG5ATuJPjmZ9n0ANgnGlPCpXGSReFpgcJ7O3SMtzIFeiQ==

"@esbuild/linux-arm@0.18.16":
  version "0.18.16"
  resolved "https://registry.yarnpkg.com/@esbuild/linux-arm/-/linux-arm-0.18.16.tgz#d63923c63af534032cc5ea0b2a0b3de10f8357f5"
  integrity sha512-b5ABb+5Ha2C9JkeZXV+b+OruR1tJ33ePmv9ZwMeETSEKlmu/WJ45XTTG+l6a2KDsQtJJ66qo/hbSGBtk0XVLHw==

"@esbuild/linux-ia32@0.18.16":
  version "0.18.16"
  resolved "https://registry.yarnpkg.com/@esbuild/linux-ia32/-/linux-ia32-0.18.16.tgz#a8825ccea6309f0bccfc5d87b43163ba804c2f20"
  integrity sha512-no+pfEpwnRvIyH+txbBAWtjxPU9grslmTBfsmDndj7bnBmr55rOo/PfQmRfz7Qg9isswt1FP5hBbWb23fRWnow==

"@esbuild/linux-loong64@0.18.16":
  version "0.18.16"
  resolved "https://registry.yarnpkg.com/@esbuild/linux-loong64/-/linux-loong64-0.18.16.tgz#f530e820fc3c61cf2206155b994aeab53b6d25be"
  integrity sha512-Zbnczs9ZXjmo0oZSS0zbNlJbcwKXa/fcNhYQjahDs4Xg18UumpXG/lwM2lcSvHS3mTrRyCYZvJbmzYc4laRI1g==

"@esbuild/linux-mips64el@0.18.16":
  version "0.18.16"
  resolved "https://registry.yarnpkg.com/@esbuild/linux-mips64el/-/linux-mips64el-0.18.16.tgz#2d47ace539257896865d243641bd6716684a1e82"
  integrity sha512-YMF7hih1HVR/hQVa/ot4UVffc5ZlrzEb3k2ip0nZr1w6fnYypll9td2qcoMLvd3o8j3y6EbJM3MyIcXIVzXvQQ==

"@esbuild/linux-ppc64@0.18.16":
  version "0.18.16"
  resolved "https://registry.yarnpkg.com/@esbuild/linux-ppc64/-/linux-ppc64-0.18.16.tgz#d6913e7e9be9e242a6a20402800141bdbe7009f7"
  integrity sha512-Wkz++LZ29lDwUyTSEnzDaaP5OveOgTU69q9IyIw9WqLRxM4BjTBjz9un4G6TOvehWpf/J3gYVFN96TjGHrbcNQ==

"@esbuild/linux-riscv64@0.18.16":
  version "0.18.16"
  resolved "https://registry.yarnpkg.com/@esbuild/linux-riscv64/-/linux-riscv64-0.18.16.tgz#8f33b627389c8234fe61f4636c134f17fb1d9b09"
  integrity sha512-LFMKZ30tk78/mUv1ygvIP+568bwf4oN6reG/uczXnz6SvFn4e2QUFpUpZY9iSJT6Qpgstrhef/nMykIXZtZWGQ==

"@esbuild/linux-s390x@0.18.16":
  version "0.18.16"
  resolved "https://registry.yarnpkg.com/@esbuild/linux-s390x/-/linux-s390x-0.18.16.tgz#4d44c030f78962cf410f604f92fcc1505e4afdde"
  integrity sha512-3ZC0BgyYHYKfZo3AV2/66TD/I9tlSBaW7eWTEIkrQQKfJIifKMMttXl9FrAg+UT0SGYsCRLI35Gwdmm96vlOjg==

"@esbuild/linux-x64@0.18.16":
  version "0.18.16"
  resolved "https://registry.yarnpkg.com/@esbuild/linux-x64/-/linux-x64-0.18.16.tgz#8846d00e16b1e93eb488c8b4dd51c946adfc236f"
  integrity sha512-xu86B3647DihHJHv/wx3NCz2Dg1gjQ8bbf9cVYZzWKY+gsvxYmn/lnVlqDRazObc3UMwoHpUhNYaZset4X8IPA==

"@esbuild/netbsd-x64@0.18.16":
  version "0.18.16"
  resolved "https://registry.yarnpkg.com/@esbuild/netbsd-x64/-/netbsd-x64-0.18.16.tgz#6514a86bd07744f3100d2813ea2fb6520d53e72e"
  integrity sha512-uVAgpimx9Ffw3xowtg/7qQPwHFx94yCje+DoBx+LNm2ePDpQXHrzE+Sb0Si2VBObYz+LcRps15cq+95YM7gkUw==

"@esbuild/openbsd-x64@0.18.16":
  version "0.18.16"
  resolved "https://registry.yarnpkg.com/@esbuild/openbsd-x64/-/openbsd-x64-0.18.16.tgz#ae67ce766d58aab6c0e6037f1a76f15df4a2a5fe"
  integrity sha512-6OjCQM9wf7z8/MBi6BOWaTL2AS/SZudsZtBziXMtNI8r/U41AxS9x7jn0ATOwVy08OotwkPqGRMkpPR2wcTJXA==

"@esbuild/sunos-x64@0.18.16":
  version "0.18.16"
  resolved "https://registry.yarnpkg.com/@esbuild/sunos-x64/-/sunos-x64-0.18.16.tgz#998efe8a58374b7351ac710455051639a6ce6a05"
  integrity sha512-ZoNkruFYJp9d1LbUYCh8awgQDvB9uOMZqlQ+gGEZR7v6C+N6u7vPr86c+Chih8niBR81Q/bHOSKGBK3brJyvkQ==

"@esbuild/win32-arm64@0.18.16":
  version "0.18.16"
  resolved "https://registry.yarnpkg.com/@esbuild/win32-arm64/-/win32-arm64-0.18.16.tgz#8de33682243508eef8d4de1816df2c05adad2b21"
  integrity sha512-+j4anzQ9hrs+iqO+/wa8UE6TVkKua1pXUb0XWFOx0FiAj6R9INJ+WE//1/Xo6FG1vB5EpH3ko+XcgwiDXTxcdw==

"@esbuild/win32-ia32@0.18.16":
  version "0.18.16"
  resolved "https://registry.yarnpkg.com/@esbuild/win32-ia32/-/win32-ia32-0.18.16.tgz#95c9f4274fb3ef9e449d464ffe3e3b7fa091503b"
  integrity sha512-5PFPmq3sSKTp9cT9dzvI67WNfRZGvEVctcZa1KGjDDu4n3H8k59Inbk0du1fz0KrAbKKNpJbdFXQMDUz7BG4rQ==

"@esbuild/win32-x64@0.18.16":
  version "0.18.16"
  resolved "https://registry.yarnpkg.com/@esbuild/win32-x64/-/win32-x64-0.18.16.tgz#5be58d31d0120c68af8e38b702e6937ce764cd68"
  integrity sha512-sCIVrrtcWN5Ua7jYXNG1xD199IalrbfV2+0k/2Zf2OyV2FtnQnMgdzgpRAbi4AWlKJj1jkX+M+fEGPQj6BQB4w==

"@graphql-mesh/cache-localforage@0.94.1":
  version "0.94.1"
  resolved "https://registry.yarnpkg.com/@graphql-mesh/cache-localforage/-/cache-localforage-0.94.1.tgz#1acca807c028d7d0cb3f3f1492f401eee37c64ad"
  integrity sha512-0cix/UXVVw+EzDAI1mfrPMHNJ5lwKHqmp9DcyzB1XIffu6qZVHWvG9wEqn/yTd0BCAV8HoTcNuPaREh0YX3lAg==
  dependencies:
    localforage "1.10.0"

"@graphql-mesh/graphql@0.94.2":
  version "0.94.2"
  resolved "https://registry.yarnpkg.com/@graphql-mesh/graphql/-/graphql-0.94.2.tgz#bbc5e87d095760d70ea0ba6efd7ce40e36696055"
  integrity sha512-uKPaHpnZqxU0pGa79xlfrJB85vbZ5rTfhdBK+HtYAp+1MCL4xB9Rjomyu2VG+KDvfdtu2sj9Bqql+5NGztZFMQ==
  dependencies:
    "@graphql-mesh/string-interpolation" "^0.5.0"
    "@graphql-tools/delegate" "^10.0.0"
    "@graphql-tools/url-loader" "^8.0.0"
    "@graphql-tools/wrap" "^10.0.0"
    lodash.get "^4.4.2"

"@graphql-mesh/merger-stitching@0.94.1":
  version "0.94.1"
  resolved "https://registry.yarnpkg.com/@graphql-mesh/merger-stitching/-/merger-stitching-0.94.1.tgz#301078a6b277c39a26633cd08dc7e3cf5159562e"
  integrity sha512-s9yPkX9mJG4Ceyl0kyMdwX/nmD+mxHU/SXW8xIo1+YkFOOogJbwEgiF2QZaxIsBJgsE1uB8vAc6FmUg6wNLgKg==
  dependencies:
    "@graphql-tools/delegate" "^10.0.0"
    "@graphql-tools/schema" "^10.0.0"
    "@graphql-tools/stitch" "^9.0.0"
    "@graphql-tools/stitching-directives" "^3.0.0"

"@graphql-mesh/runtime@0.94.1":
  version "0.94.1"
  resolved "https://registry.yarnpkg.com/@graphql-mesh/runtime/-/runtime-0.94.1.tgz#7b17d6ae437f31656056d4e575f9aa4a57b7bff7"
  integrity sha512-C2f2XmdKD1j7SU/btRFGupJHFBkVJ25WyhHCOw6k31dbbK/o8zuwsD1bPTW5JIzs4zpGmAdEoNcs7G/axe5XJw==
  dependencies:
    "@envelop/core" "^4.0.0"
    "@envelop/extended-validation" "^3.0.0"
    "@graphql-mesh/string-interpolation" "^0.5.0"
    "@graphql-tools/batch-delegate" "^9.0.0"
    "@graphql-tools/batch-execute" "^9.0.0"
    "@graphql-tools/delegate" "^10.0.0"
    "@graphql-tools/wrap" "^10.0.0"
    "@whatwg-node/fetch" "^0.9.0"

"@graphql-mesh/string-interpolation@^0.5.0":
  version "0.5.1"
  resolved "https://registry.yarnpkg.com/@graphql-mesh/string-interpolation/-/string-interpolation-0.5.1.tgz#b5e995769b0d9b72f040f10ea5cf53a5fc98bdad"
  integrity sha512-xrShpJ4silpWekpeVntDNt6NY6RxEMMbZ1CenIkLsl/QN3mMjxWa3rQX0qrByBeyDn7SorSN3lrClCCsPvmWZw==
  dependencies:
    dayjs "1.11.9"
    json-pointer "0.6.2"
    lodash.get "4.4.2"

"@graphql-tools/batch-delegate@^9.0.0":
  version "9.0.0"
  resolved "https://registry.yarnpkg.com/@graphql-tools/batch-delegate/-/batch-delegate-9.0.0.tgz#dd9e87466f450bae61a20525a2a8d8b0d257df37"
  integrity sha512-23NmxcHQeKcfhMQyrRPTZfW4/+bSpAyR/qAhRjx+/hikDIa1Uv2XVgV9jIitSgM0OEk/KGPB4VQv+LCOWvAYiw==
  dependencies:
    "@graphql-tools/delegate" "^10.0.0"
    "@graphql-tools/utils" "^10.0.0"
    dataloader "2.2.2"
    tslib "^2.4.0"
    value-or-promise "^1.0.12"

"@graphql-tools/batch-execute@^9.0.0":
  version "9.0.0"
  resolved "https://registry.yarnpkg.com/@graphql-tools/batch-execute/-/batch-execute-9.0.0.tgz#9aba67c235dfa8e28e17d204ccb74998064eaec3"
  integrity sha512-lT9/1XmPSYzBcEybXPLsuA6C5E0t8438PVUELABcqdvwHgZ3VOOx29MLBEqhr2oewOlDChH6PXNkfxoOoAuzRg==
  dependencies:
    "@graphql-tools/utils" "^10.0.0"
    dataloader "^2.2.2"
    tslib "^2.4.0"
    value-or-promise "^1.0.12"

"@graphql-tools/delegate@^10.0.0":
  version "10.0.0"
  resolved "https://registry.yarnpkg.com/@graphql-tools/delegate/-/delegate-10.0.0.tgz#c9da70811de8efbf630a74188698941cdc618ccf"
  integrity sha512-ZW5/7Q0JqUM+guwn8/cM/1Hz16Zvj6WR6r3gnOwoPO7a9bCbe8QTCk4itT/EO+RiGT8RLUPYaunWR9jxfNqqOA==
  dependencies:
    "@graphql-tools/batch-execute" "^9.0.0"
    "@graphql-tools/executor" "^1.0.0"
    "@graphql-tools/schema" "^10.0.0"
    "@graphql-tools/utils" "^10.0.0"
    dataloader "^2.2.2"
    tslib "^2.5.0"
    value-or-promise "^1.0.12"

"@graphql-tools/executor-graphql-ws@^1.0.0":
  version "1.1.0"
  resolved "https://registry.yarnpkg.com/@graphql-tools/executor-graphql-ws/-/executor-graphql-ws-1.1.0.tgz#7727159ebaa9df4dc793d0d02e74dd1ca4a7cc60"
  integrity sha512-yM67SzwE8rYRpm4z4AuGtABlOp9mXXVy6sxXnTJRoYIdZrmDbKVfIY+CpZUJCqS0FX3xf2+GoHlsj7Qswaxgcg==
  dependencies:
    "@graphql-tools/utils" "^10.0.2"
    "@types/ws" "^8.0.0"
    graphql-ws "^5.14.0"
    isomorphic-ws "^5.0.0"
    tslib "^2.4.0"
    ws "^8.13.0"

"@graphql-tools/executor-http@^1.0.0":
  version "1.0.2"
  resolved "https://registry.yarnpkg.com/@graphql-tools/executor-http/-/executor-http-1.0.2.tgz#d7964a6e5ec883842f9a8e3f104f93c9b8f472be"
  integrity sha512-JKTB4E3kdQM2/1NEcyrVPyQ8057ZVthCV5dFJiKktqY9IdmF00M8gupFcW3jlbM/Udn78ickeUBsUzA3EouqpA==
  dependencies:
    "@graphql-tools/utils" "^10.0.2"
    "@repeaterjs/repeater" "^3.0.4"
    "@whatwg-node/fetch" "^0.9.0"
    extract-files "^11.0.0"
    meros "^1.2.1"
    tslib "^2.4.0"
    value-or-promise "^1.0.12"

"@graphql-tools/executor-legacy-ws@^1.0.0":
  version "1.0.1"
  resolved "https://registry.yarnpkg.com/@graphql-tools/executor-legacy-ws/-/executor-legacy-ws-1.0.1.tgz#49764812fc93f401cb3f3ef32b2d6db4a9cd8db5"
  integrity sha512-PQrTJ+ncHMEQspBARc2lhwiQFfRAX/z/CsOdZTFjIljOHgRWGAA1DAx7pEN0j6PflbLCfZ3NensNq2jCBwF46w==
  dependencies:
    "@graphql-tools/utils" "^10.0.0"
    "@types/ws" "^8.0.0"
    isomorphic-ws "5.0.0"
    tslib "^2.4.0"
    ws "8.13.0"

"@graphql-tools/executor@^1.0.0":
  version "1.1.0"
  resolved "https://registry.yarnpkg.com/@graphql-tools/executor/-/executor-1.1.0.tgz#bafddb7c56d8250c5eda83437c10664e702109a8"
  integrity sha512-+1wmnaUHETSYxiK/ELsT60x584Rw3QKBB7F/7fJ83HKPnLifmE2Dm/K9Eyt6L0Ppekf1jNUbWBpmBGb8P5hAeg==
  dependencies:
    "@graphql-tools/utils" "^10.0.0"
    "@graphql-typed-document-node/core" "3.2.0"
    "@repeaterjs/repeater" "^3.0.4"
    tslib "^2.4.0"
    value-or-promise "^1.0.12"

"@graphql-tools/merge@^9.0.0":
  version "9.0.0"
  resolved "https://registry.yarnpkg.com/@graphql-tools/merge/-/merge-9.0.0.tgz#b0a3636c82716454bff88e9bb40108b0471db281"
  integrity sha512-J7/xqjkGTTwOJmaJQJ2C+VDBDOWJL3lKrHJN4yMaRLAJH3PosB7GiPRaSDZdErs0+F77sH2MKs2haMMkywzx7Q==
  dependencies:
    "@graphql-tools/utils" "^10.0.0"
    tslib "^2.4.0"

"@graphql-tools/schema@^10.0.0":
  version "10.0.0"
  resolved "https://registry.yarnpkg.com/@graphql-tools/schema/-/schema-10.0.0.tgz#7b5f6b6a59f51c927de8c9069bde4ebbfefc64b3"
  integrity sha512-kf3qOXMFcMs2f/S8Y3A8fm/2w+GaHAkfr3Gnhh2LOug/JgpY/ywgFVxO3jOeSpSEdoYcDKLcXVjMigNbY4AdQg==
  dependencies:
    "@graphql-tools/merge" "^9.0.0"
    "@graphql-tools/utils" "^10.0.0"
    tslib "^2.4.0"
    value-or-promise "^1.0.12"

"@graphql-tools/stitch@^9.0.0":
  version "9.0.0"
  resolved "https://registry.yarnpkg.com/@graphql-tools/stitch/-/stitch-9.0.0.tgz#b2d99106fab21f94b617025a304454d3202cbf23"
  integrity sha512-4FvHV7ibvbEpQVubKjClPwh9HZVxDMZlDgUktAEOjAVo4WVPyZnWuteQye2gQ+mD+ZQu5CJABklBpdcvfmgEig==
  dependencies:
    "@graphql-tools/batch-delegate" "^9.0.0"
    "@graphql-tools/delegate" "^10.0.0"
    "@graphql-tools/executor" "^1.0.0"
    "@graphql-tools/merge" "^9.0.0"
    "@graphql-tools/schema" "^10.0.0"
    "@graphql-tools/utils" "^10.0.0"
    "@graphql-tools/wrap" "^10.0.0"
    tslib "^2.4.0"
    value-or-promise "^1.0.11"

"@graphql-tools/stitching-directives@^3.0.0":
  version "3.0.0"
  resolved "https://registry.yarnpkg.com/@graphql-tools/stitching-directives/-/stitching-directives-3.0.0.tgz#1e8e1aef20c18ec8738fd2755878463e44f3618f"
  integrity sha512-3fElJYxeKO85Nw6G1gj7pCjcozoXuPvRPL7krKyo8jXx0OAvXkJS3XgR86W9+SRvJ+SjfAdceV7PmyGemoghsA==
  dependencies:
    "@graphql-tools/delegate" "^10.0.0"
    "@graphql-tools/utils" "^10.0.0"
    tslib "^2.4.0"

"@graphql-tools/url-loader@^8.0.0":
  version "8.0.0"
  resolved "https://registry.yarnpkg.com/@graphql-tools/url-loader/-/url-loader-8.0.0.tgz#8d952d5ebb7325e587cb914aaebded3dbd078cf6"
  integrity sha512-rPc9oDzMnycvz+X+wrN3PLrhMBQkG4+sd8EzaFN6dypcssiefgWKToXtRKI8HHK68n2xEq1PyrOpkjHFJB+GwA==
  dependencies:
    "@ardatan/sync-fetch" "^0.0.1"
    "@graphql-tools/delegate" "^10.0.0"
    "@graphql-tools/executor-graphql-ws" "^1.0.0"
    "@graphql-tools/executor-http" "^1.0.0"
    "@graphql-tools/executor-legacy-ws" "^1.0.0"
    "@graphql-tools/utils" "^10.0.0"
    "@graphql-tools/wrap" "^10.0.0"
    "@types/ws" "^8.0.0"
    "@whatwg-node/fetch" "^0.9.0"
    isomorphic-ws "^5.0.0"
    tslib "^2.4.0"
    value-or-promise "^1.0.11"
    ws "^8.12.0"

"@graphql-tools/utils@^10.0.0", "@graphql-tools/utils@^10.0.2":
  version "10.0.4"
  resolved "https://registry.yarnpkg.com/@graphql-tools/utils/-/utils-10.0.4.tgz#3104bea54752ae54f1f4a67833d7e3b734400dbe"
  integrity sha512-MF+nZgGROSnFgyOYWhrl2PuJMlIBvaCH48vtnlnDQKSeDc2fUfOzUVloBAQvnYmK9JBmHHks4Pxv25Ybg3r45Q==
  dependencies:
    "@graphql-typed-document-node/core" "^3.1.1"
    dset "^3.1.2"
    tslib "^2.4.0"

"@graphql-tools/wrap@^10.0.0":
  version "10.0.0"
  resolved "https://registry.yarnpkg.com/@graphql-tools/wrap/-/wrap-10.0.0.tgz#573ab111482387d4acf4757d5fb7f9553a504bc1"
  integrity sha512-HDOeUUh6UhpiH0WPJUQl44ODt1x5pnMUbOJZ7GjTdGQ7LK0AgVt3ftaAQ9duxLkiAtYJmu5YkULirfZGj4HzDg==
  dependencies:
    "@graphql-tools/delegate" "^10.0.0"
    "@graphql-tools/schema" "^10.0.0"
    "@graphql-tools/utils" "^10.0.0"
    tslib "^2.4.0"
    value-or-promise "^1.0.12"

"@graphql-typed-document-node/core@3.2.0", "@graphql-typed-document-node/core@^3.1.1":
  version "3.2.0"
  resolved "https://registry.yarnpkg.com/@graphql-typed-document-node/core/-/core-3.2.0.tgz#5f3d96ec6b2354ad6d8a28bf216a1d97b5426861"
  integrity sha512-mB9oAsNCm9aM3/SOv4YtBMqZbYj10R7dkq8byBqxGY/ncFwhf2oQzMV+LCRlWoDSEBJ3COiR1yeDvMtsoOsuFQ==

"@repeaterjs/repeater@^3.0.4":
  version "3.0.4"
  resolved "https://registry.yarnpkg.com/@repeaterjs/repeater/-/repeater-3.0.4.tgz#a04d63f4d1bf5540a41b01a921c9a7fddc3bd1ca"
  integrity sha512-AW8PKd6iX3vAZ0vA43nOUOnbq/X5ihgU+mSXXqunMkeQADGiqw/PY0JNeYtD5sr0PAy51YPgAPbDoeapv9r8WA==

"@types/aws-lambda@^8.10.119":
  version "8.10.119"
  resolved "https://registry.yarnpkg.com/@types/aws-lambda/-/aws-lambda-8.10.119.tgz#aaf010a9c892b3e29a290e5c49bfe8bcec82c455"
  integrity sha512-Vqm22aZrCvCd6I5g1SvpW151jfqwTzEZ7XJ3yZ6xaZG31nUEOEyzzVImjRcsN8Wi/QyPxId/x8GTtgIbsy8kEw==

"@types/node@*":
  version "20.4.4"
  resolved "https://registry.yarnpkg.com/@types/node/-/node-20.4.4.tgz#c79c7cc22c9d0e97a7944954c9e663bcbd92b0cb"
  integrity sha512-CukZhumInROvLq3+b5gLev+vgpsIqC2D0deQr/yS1WnxvmYLlJXZpaQrQiseMY+6xusl79E04UjWoqyr+t1/Ew==

"@types/ws@^8.0.0":
  version "8.5.5"
  resolved "https://registry.yarnpkg.com/@types/ws/-/ws-8.5.5.tgz#af587964aa06682702ee6dcbc7be41a80e4b28eb"
  integrity sha512-lwhs8hktwxSjf9UaZ9tG5M03PGogvFaH8gUgLNbN9HKIg0dvv6q+gkSuJ8HN4/VbyxkuLzCjlN7GquQ0gUJfIg==
  dependencies:
    "@types/node" "*"

"@whatwg-node/events@^0.1.0":
  version "0.1.1"
  resolved "https://registry.yarnpkg.com/@whatwg-node/events/-/events-0.1.1.tgz#0ca718508249419587e130da26d40e29d99b5356"
  integrity sha512-AyQEn5hIPV7Ze+xFoXVU3QTHXVbWPrzaOkxtENMPMuNL6VVHrp4hHfDt9nrQpjO7BgvuM95dMtkycX5M/DZR3w==

"@whatwg-node/fetch@^0.9.0":
  version "0.9.9"
  resolved "https://registry.yarnpkg.com/@whatwg-node/fetch/-/fetch-0.9.9.tgz#65e68aaf8353755c20657b803f2fe983dbdabf91"
  integrity sha512-OTVoDm039CNyAWSRc2WBimMl/N9J4Fk2le21Xzcf+3OiWPNNSIbMnpWKBUyraPh2d9SAEgoBdQxTfVNihXgiUw==
  dependencies:
    "@whatwg-node/node-fetch" "^0.4.8"
    urlpattern-polyfill "^9.0.0"

"@whatwg-node/node-fetch@^0.4.8":
  version "0.4.11"
  resolved "https://registry.yarnpkg.com/@whatwg-node/node-fetch/-/node-fetch-0.4.11.tgz#cef61fef1e075757ff8b07abf089012095267384"
  integrity sha512-JRMx/yrBW/PXUH+0EIurUIQtAsEMrHtZBBKv6b+YCK1yG7pMNqtkl5Z39Rynq8ysVc/I6yTtNwkCy9bz5To1vw==
  dependencies:
    "@whatwg-node/events" "^0.1.0"
    busboy "^1.6.0"
    fast-querystring "^1.1.1"
    fast-url-parser "^1.1.3"
    tslib "^2.3.1"

at-least-node@^1.0.0:
  version "1.0.0"
  resolved "https://registry.yarnpkg.com/at-least-node/-/at-least-node-1.0.0.tgz#602cd4b46e844ad4effc92a8011a3c46e0238dc2"
  integrity sha512-+q/t7Ekv1EDY2l6Gda6LLiX14rU9TV20Wa3ofeQmwPFZbOMo9DXrLbOjFaaclkXKWidIaopwAObQDqwWtGUjqg==

balanced-match@^1.0.0:
  version "1.0.2"
  resolved "https://registry.yarnpkg.com/balanced-match/-/balanced-match-1.0.2.tgz#e83e3a7e3f300b34cb9d87f615fa0cbf357690ee"
  integrity sha512-3oSeUO0TMV67hN1AmbXsK4yaqU7tjiHlbxRDZOpH0KW9+CeX4bRAaX0Anxt0tx2MrpRpWwQaPwIlISEJhYU5Pw==

brace-expansion@^1.1.7:
  version "1.1.11"
  resolved "https://registry.yarnpkg.com/brace-expansion/-/brace-expansion-1.1.11.tgz#3c7fcbf529d87226f3d2f52b966ff5271eb441dd"
  integrity sha512-iCuPHDFgrHX7H2vEI/5xpz07zSHB00TpugqhmYtVmMO6518mCuRMoOYFldEBl0g187ufozdaHgWKcYFb61qGiA==
  dependencies:
    balanced-match "^1.0.0"
    concat-map "0.0.1"

busboy@^1.6.0:
  version "1.6.0"
  resolved "https://registry.yarnpkg.com/busboy/-/busboy-1.6.0.tgz#966ea36a9502e43cdb9146962523b92f531f6893"
  integrity sha512-8SFQbg/0hQ9xy3UNTB0YEnsNBbWfhf7RtnzpL7TkBiTBRfrQ9Fxcnz7VJsleJpyp6rVLvXiuORqjlHi5q+PYuA==
  dependencies:
    streamsearch "^1.1.0"

concat-map@0.0.1:
  version "0.0.1"
  resolved "https://registry.yarnpkg.com/concat-map/-/concat-map-0.0.1.tgz#d8a96bd77fd68df7793a73036a3ba0d5405d477b"
  integrity sha512-/Srv4dswyQNBfohGpz9o6Yb3Gz3SrUDqBH5rTuhGR7ahtlbYKnVxw2bCFMRljaA7EXHaXZ8wsHdodFvbkhKmqg==

constructs@^3.3.69:
  version "3.4.344"
  resolved "https://registry.yarnpkg.com/constructs/-/constructs-3.4.344.tgz#731b2621e7dd611f303295a777ab7f90437ba464"
  integrity sha512-Qq3upn44oGdvgasHUKWVFsrynyYrtVRd9fd8ko9cJOrFzx9eCm3iI4bhBryQqaISdausbTYUOXmoEe/YSJ16Nw==

dataloader@2.2.2, dataloader@^2.2.2:
  version "2.2.2"
  resolved "https://registry.yarnpkg.com/dataloader/-/dataloader-2.2.2.tgz#216dc509b5abe39d43a9b9d97e6e5e473dfbe3e0"
  integrity sha512-8YnDaaf7N3k/q5HnTJVuzSyLETjoZjVmHc4AeKAzOvKHEFQKcn64OKBfzHYtE9zGjctNM7V9I0MfnUVLpi7M5g==

dayjs@1.11.9:
  version "1.11.9"
  resolved "https://registry.yarnpkg.com/dayjs/-/dayjs-1.11.9.tgz#9ca491933fadd0a60a2c19f6c237c03517d71d1a"
  integrity sha512-QvzAURSbQ0pKdIye2txOzNaHmxtUBXerpY0FJsFXUMKbIZeFm5ht1LS/jFsrncjnmtv8HsG0W2g6c0zUjZWmpA==

dset@^3.1.2:
  version "3.1.2"
  resolved "https://registry.yarnpkg.com/dset/-/dset-3.1.2.tgz#89c436ca6450398396dc6538ea00abc0c54cd45a"
  integrity sha512-g/M9sqy3oHe477Ar4voQxWtaPIFw1jTdKZuomOjhCcBx9nHUNn0pu6NopuFFrTh/TRZIKEj+76vLWFu9BNKk+Q==

esbuild@^0.18.16:
  version "0.18.16"
  resolved "https://registry.yarnpkg.com/esbuild/-/esbuild-0.18.16.tgz#bbeb058c556152bcbff4e8168e7c93020ccf09c3"
  integrity sha512-1xLsOXrDqwdHxyXb/x/SOyg59jpf/SH7YMvU5RNSU7z3TInaASNJWNFJ6iRvLvLETZMasF3d1DdZLg7sgRimRQ==
  optionalDependencies:
    "@esbuild/android-arm" "0.18.16"
    "@esbuild/android-arm64" "0.18.16"
    "@esbuild/android-x64" "0.18.16"
    "@esbuild/darwin-arm64" "0.18.16"
    "@esbuild/darwin-x64" "0.18.16"
    "@esbuild/freebsd-arm64" "0.18.16"
    "@esbuild/freebsd-x64" "0.18.16"
    "@esbuild/linux-arm" "0.18.16"
    "@esbuild/linux-arm64" "0.18.16"
    "@esbuild/linux-ia32" "0.18.16"
    "@esbuild/linux-loong64" "0.18.16"
    "@esbuild/linux-mips64el" "0.18.16"
    "@esbuild/linux-ppc64" "0.18.16"
    "@esbuild/linux-riscv64" "0.18.16"
    "@esbuild/linux-s390x" "0.18.16"
    "@esbuild/linux-x64" "0.18.16"
    "@esbuild/netbsd-x64" "0.18.16"
    "@esbuild/openbsd-x64" "0.18.16"
    "@esbuild/sunos-x64" "0.18.16"
    "@esbuild/win32-arm64" "0.18.16"
    "@esbuild/win32-ia32" "0.18.16"
    "@esbuild/win32-x64" "0.18.16"

extract-files@^11.0.0:
  version "11.0.0"
  resolved "https://registry.yarnpkg.com/extract-files/-/extract-files-11.0.0.tgz#b72d428712f787eef1f5193aff8ab5351ca8469a"
  integrity sha512-FuoE1qtbJ4bBVvv94CC7s0oTnKUGvQs+Rjf1L2SJFfS+HTVVjhPFtehPdQ0JiGPqVNfSSZvL5yzHHQq2Z4WNhQ==

fast-decode-uri-component@^1.0.1:
  version "1.0.1"
  resolved "https://registry.yarnpkg.com/fast-decode-uri-component/-/fast-decode-uri-component-1.0.1.tgz#46f8b6c22b30ff7a81357d4f59abfae938202543"
  integrity sha512-WKgKWg5eUxvRZGwW8FvfbaH7AXSh2cL+3j5fMGzUMCxWBJ3dV3a7Wz8y2f/uQ0e3B6WmodD3oS54jTQ9HVTIIg==

fast-querystring@^1.1.1:
  version "1.1.2"
  resolved "https://registry.yarnpkg.com/fast-querystring/-/fast-querystring-1.1.2.tgz#a6d24937b4fc6f791b4ee31dcb6f53aeafb89f53"
  integrity sha512-g6KuKWmFXc0fID8WWH0jit4g0AGBoJhCkJMb1RmbsSEUNvQ+ZC8D6CUZ+GtF8nMzSPXnhiePyyqqipzNNEnHjg==
  dependencies:
    fast-decode-uri-component "^1.0.1"

fast-url-parser@^1.1.3:
  version "1.1.3"
  resolved "https://registry.yarnpkg.com/fast-url-parser/-/fast-url-parser-1.1.3.tgz#f4af3ea9f34d8a271cf58ad2b3759f431f0b318d"
  integrity sha512-5jOCVXADYNuRkKFzNJ0dCCewsZiYo0dz8QNYljkOpFC6r2U4OBmKtvm/Tsuh4w1YYdDqDb31a8TVhBJ2OJKdqQ==
  dependencies:
    punycode "^1.3.2"

foreach@^2.0.4:
  version "2.0.6"
  resolved "https://registry.yarnpkg.com/foreach/-/foreach-2.0.6.tgz#87bcc8a1a0e74000ff2bf9802110708cfb02eb6e"
  integrity sha512-k6GAGDyqLe9JaebCsFCoudPPWfihKu8pylYXRlqP1J7ms39iPoTtk2fviNglIeQEwdh0bQeKJ01ZPyuyQvKzwg==

fs-extra@^9.1.0:
  version "9.1.0"
  resolved "https://registry.yarnpkg.com/fs-extra/-/fs-extra-9.1.0.tgz#5954460c764a8da2094ba3554bf839e6b9a7c86d"
  integrity sha512-hcg3ZmepS30/7BSFqRvoo3DOMQu7IjqxO5nCDt+zM9XWjb33Wg7ziNT+Qvqbuc3+gWpzO02JubVyk2G4Zvo1OQ==
  dependencies:
    at-least-node "^1.0.0"
    graceful-fs "^4.2.0"
    jsonfile "^6.0.1"
    universalify "^2.0.0"

graceful-fs@^4.1.6, graceful-fs@^4.2.0:
  version "4.2.11"
  resolved "https://registry.yarnpkg.com/graceful-fs/-/graceful-fs-4.2.11.tgz#4183e4e8bf08bb6e05bbb2f7d2e0c8f712ca40e3"
  integrity sha512-RbJ5/jmFcNNCcDV5o9eTnBLJ/HszWV0P73bc+Ff4nS/rJj+YaS6IGyiOL0VoBYX+l1Wrl3k63h/KrH+nhJ0XvQ==

graphql-ws@^5.14.0:
  version "5.14.0"
  resolved "https://registry.yarnpkg.com/graphql-ws/-/graphql-ws-5.14.0.tgz#766f249f3974fc2c48fae0d1fb20c2c4c79cd591"
  integrity sha512-itrUTQZP/TgswR4GSSYuwWUzrE/w5GhbwM2GX3ic2U7aw33jgEsayfIlvaj7/GcIvZgNMzsPTrE5hqPuFUiE5g==

graphql@16.7.1:
  version "16.7.1"
  resolved "https://registry.yarnpkg.com/graphql/-/graphql-16.7.1.tgz#11475b74a7bff2aefd4691df52a0eca0abd9b642"
  integrity sha512-DRYR9tf+UGU0KOsMcKAlXeFfX89UiiIZ0dRU3mR0yJfu6OjZqUcp68NnFLnqQU5RexygFoDy1EW+ccOYcPfmHg==

ignore@^5.2.4:
  version "5.2.4"
  resolved "https://registry.yarnpkg.com/ignore/-/ignore-5.2.4.tgz#a291c0c6178ff1b960befe47fcdec301674a6324"
  integrity sha512-MAb38BcSbH0eHNBxn7ql2NH/kX33OkB3lZ1BNdh7ENeRChHTYsTvWrMubiIAMNS2llXEEgZ1MUOBtXChP3kaFQ==

immediate@~3.0.5:
  version "3.0.6"
  resolved "https://registry.yarnpkg.com/immediate/-/immediate-3.0.6.tgz#9db1dbd0faf8de6fbe0f5dd5e56bb606280de69b"
  integrity sha512-XXOFtyqDjNDAQxVfYxuF7g9Il/IbWmmlQg2MYKOH8ExIT1qg6xc4zyS3HaEEATgs1btfzxq15ciUiY7gjSXRGQ==

isomorphic-ws@5.0.0, isomorphic-ws@^5.0.0:
  version "5.0.0"
  resolved "https://registry.yarnpkg.com/isomorphic-ws/-/isomorphic-ws-5.0.0.tgz#e5529148912ecb9b451b46ed44d53dae1ce04bbf"
  integrity sha512-muId7Zzn9ywDsyXgTIafTry2sV3nySZeUDe6YedVd1Hvuuep5AsIlqK+XefWpYTyJG5e503F2xIuT2lcU6rCSw==

json-pointer@0.6.2:
  version "0.6.2"
  resolved "https://registry.yarnpkg.com/json-pointer/-/json-pointer-0.6.2.tgz#f97bd7550be5e9ea901f8c9264c9d436a22a93cd"
  integrity sha512-vLWcKbOaXlO+jvRy4qNd+TI1QUPZzfJj1tpJ3vAXDych5XJf93ftpUKe5pKCrzyIIwgBJcOcCVRUfqQP25afBw==
  dependencies:
    foreach "^2.0.4"

jsonfile@^6.0.1:
  version "6.1.0"
  resolved "https://registry.yarnpkg.com/jsonfile/-/jsonfile-6.1.0.tgz#bc55b2634793c679ec6403094eb13698a6ec0aae"
  integrity sha512-5dgndWOriYSm5cnYaJNhalLNDKOqFwyDB/rr1E9ZsGciGvKPs8R2xYGCacuf3z6K1YKDz182fd+fY3cn3pMqXQ==
  dependencies:
    universalify "^2.0.0"
  optionalDependencies:
    graceful-fs "^4.1.6"

jsonschema@^1.4.1:
  version "1.4.1"
  resolved "https://registry.yarnpkg.com/jsonschema/-/jsonschema-1.4.1.tgz#cc4c3f0077fb4542982973d8a083b6b34f482dab"
  integrity sha512-S6cATIPVv1z0IlxdN+zUk5EPjkGCdnhN4wVSBlvoUO1tOLJootbo9CquNJmbIh4yikWHiUedhRYrNPn1arpEmQ==

lie@3.1.1:
  version "3.1.1"
  resolved "https://registry.yarnpkg.com/lie/-/lie-3.1.1.tgz#9a436b2cc7746ca59de7a41fa469b3efb76bd87e"
  integrity sha512-RiNhHysUjhrDQntfYSfY4MU24coXXdEOgw9WGcKHNeEwffDYbF//u87M1EWaMGzuFoSbqW0C9C6lEEhDOAswfw==
  dependencies:
    immediate "~3.0.5"

localforage@1.10.0:
  version "1.10.0"
  resolved "https://registry.yarnpkg.com/localforage/-/localforage-1.10.0.tgz#5c465dc5f62b2807c3a84c0c6a1b1b3212781dd4"
  integrity sha512-14/H1aX7hzBBmmh7sGPd+AOMkkIrHM3Z1PAyGgZigA1H1p5O5ANnMyWzvpAETtG68/dC4pC0ncy3+PPGzXZHPg==
  dependencies:
    lie "3.1.1"

lodash.get@4.4.2, lodash.get@^4.4.2:
  version "4.4.2"
  resolved "https://registry.yarnpkg.com/lodash.get/-/lodash.get-4.4.2.tgz#2d177f652fa31e939b4438d5341499dfa3825e99"
  integrity sha512-z+Uw/vLuy6gQe8cfaFWD7p0wVv8fJl3mbzXh33RS+0oW2wvUqiRXiQ69gLWSLpgB5/6sU+r6BlQR0MBILadqTQ==

lru-cache@^6.0.0:
  version "6.0.0"
  resolved "https://registry.yarnpkg.com/lru-cache/-/lru-cache-6.0.0.tgz#6d6fe6570ebd96aaf90fcad1dafa3b2566db3a94"
  integrity sha512-Jo6dJ04CmSjuznwJSS3pUeWmd/H0ffTlkXXgwZi+eq1UCmqQwCh+eLsYOYCwY991i2Fah4h1BEMCx4qThGbsiA==
  dependencies:
    yallist "^4.0.0"

meros@^1.2.1:
  version "1.3.0"
  resolved "https://registry.yarnpkg.com/meros/-/meros-1.3.0.tgz#c617d2092739d55286bf618129280f362e6242f2"
  integrity sha512-2BNGOimxEz5hmjUG2FwoxCt5HN7BXdaWyFqEwxPTrJzVdABtrL4TiHTcsWSFAxPQ/tOnEaQEJh3qWq71QRMY+w==

minimatch@^3.1.2:
  version "3.1.2"
  resolved "https://registry.yarnpkg.com/minimatch/-/minimatch-3.1.2.tgz#19cd194bfd3e428f049a70817c038d89ab4be35b"
  integrity sha512-J7p63hRiAjw1NDEww1W7i37+ByIrOWO5XQQAzZ3VOcL0PNybwpfmV/N05zFAzwQ9USyEcX6t3UO+K5aqBQOIHw==
  dependencies:
    brace-expansion "^1.1.7"

node-fetch@^2.6.1:
  version "2.6.12"
  resolved "https://registry.yarnpkg.com/node-fetch/-/node-fetch-2.6.12.tgz#02eb8e22074018e3d5a83016649d04df0e348fba"
  integrity sha512-C/fGU2E8ToujUivIO0H+tpQ6HWo4eEmchoPIoXtxCrVghxdKq+QOHqEZW7tuP3KlV3bC8FRMO5nMCC7Zm1VP6g==
  dependencies:
    whatwg-url "^5.0.0"

punycode@^1.3.2:
  version "1.4.1"
  resolved "https://registry.yarnpkg.com/punycode/-/punycode-1.4.1.tgz#c0d5a63b2718800ad8e1eb0fa5269c84dd41845e"
  integrity sha512-jmYNElW7yvO7TV33CjSmvSiE2yco3bV2czu/OzDKdMNVZQWfxCblURLhf+47syQRBntjfLdd/H0egrzIG+oaFQ==

semver@^7.3.8:
  version "7.5.4"
  resolved "https://registry.yarnpkg.com/semver/-/semver-7.5.4.tgz#483986ec4ed38e1c6c48c34894a9182dbff68a6e"
  integrity sha512-1bCSESV6Pv+i21Hvpxp3Dx+pSD8lIPt8uVjRrxAUt/nbswYc+tK6Y2btiULjd4+fnq15PX+nqQDC7Oft7WkwcA==
  dependencies:
    lru-cache "^6.0.0"

streamsearch@^1.1.0:
  version "1.1.0"
  resolved "https://registry.yarnpkg.com/streamsearch/-/streamsearch-1.1.0.tgz#404dd1e2247ca94af554e841a8ef0eaa238da764"
  integrity sha512-Mcc5wHehp9aXz1ax6bZUyY5afg9u2rv5cqQI3mRrYkGC8rW2hM02jWuwjtL++LS5qinSyhj2QfLyNsuc+VsExg==

tr46@~0.0.3:
  version "0.0.3"
  resolved "https://registry.yarnpkg.com/tr46/-/tr46-0.0.3.tgz#8184fd347dac9cdc185992f3a6622e14b9d9ab6a"
  integrity sha512-N3WMsuqV66lT30CrXNbEjx4GEwlow3v6rr4mCcv6prnfwhS01rkgyFdjPNBYd9br7LpXV1+Emh01fHnq2Gdgrw==

tslib@^2.3.1, tslib@^2.4.0, tslib@^2.5.0:
  version "2.6.0"
  resolved "https://registry.yarnpkg.com/tslib/-/tslib-2.6.0.tgz#b295854684dbda164e181d259a22cd779dcd7bc3"
  integrity sha512-7At1WUettjcSRHXCyYtTselblcHl9PJFFVKiCAy/bY97+BPZXSQ2wbq0P9s8tK2G7dFQfNnlJnPAiArVBVBsfA==

universalify@^2.0.0:
  version "2.0.0"
  resolved "https://registry.yarnpkg.com/universalify/-/universalify-2.0.0.tgz#75a4984efedc4b08975c5aeb73f530d02df25717"
  integrity sha512-hAZsKq7Yy11Zu1DE0OzWjw7nnLZmJZYTDZZyEFHZdUhV8FkH5MCfoU1XMaxXovpyW5nq5scPqq0ZDP9Zyl04oQ==

urlpattern-polyfill@^9.0.0:
  version "9.0.0"
  resolved "https://registry.yarnpkg.com/urlpattern-polyfill/-/urlpattern-polyfill-9.0.0.tgz#bc7e386bb12fd7898b58d1509df21d3c29ab3460"
  integrity sha512-WHN8KDQblxd32odxeIgo83rdVDE2bvdkb86it7bMhYZwWKJz0+O0RK/eZiHYnM+zgt/U7hAHOlCQGfjjvSkw2g==

value-or-promise@^1.0.11, value-or-promise@^1.0.12:
  version "1.0.12"
  resolved "https://registry.yarnpkg.com/value-or-promise/-/value-or-promise-1.0.12.tgz#0e5abfeec70148c78460a849f6b003ea7986f15c"
  integrity sha512-Z6Uz+TYwEqE7ZN50gwn+1LCVo9ZVrpxRPOhOLnncYkY1ZzOYtrX8Fwf/rFktZ8R5mJms6EZf5TqNOMeZmnPq9Q==

webidl-conversions@^3.0.0:
  version "3.0.1"
  resolved "https://registry.yarnpkg.com/webidl-conversions/-/webidl-conversions-3.0.1.tgz#24534275e2a7bc6be7bc86611cc16ae0a5654871"
  integrity sha512-2JAn3z8AR6rjK8Sm8orRC0h/bcl/DqL7tRPdGZ4I1CjdF+EaMLmYxBHyXuKL849eucPFhvBoxMsflfOb8kxaeQ==

whatwg-url@^5.0.0:
  version "5.0.0"
  resolved "https://registry.yarnpkg.com/whatwg-url/-/whatwg-url-5.0.0.tgz#966454e8765462e37644d3626f6742ce8b70965d"
  integrity sha512-saE57nupxk6v3HY35+jzBwYa0rKSy0XR8JSxZPwgLr7ys0IBzhGviA1/TUGJLmSVqs8pb9AnvICXEuOHLprYTw==
  dependencies:
    tr46 "~0.0.3"
    webidl-conversions "^3.0.0"

ws@8.13.0, ws@^8.12.0, ws@^8.13.0:
  version "8.13.0"
  resolved "https://registry.yarnpkg.com/ws/-/ws-8.13.0.tgz#9a9fb92f93cf41512a0735c8f4dd09b8a1211cd0"
  integrity sha512-x9vcZYTrFPC7aSIbj7sRCYo7L/Xb8Iy+pW0ng0wt2vCJv7M9HOMy0UoN3rr+IFC7hb7vXoqS+P9ktyLLLhO+LA==

yallist@^4.0.0:
  version "4.0.0"
  resolved "https://registry.yarnpkg.com/yallist/-/yallist-4.0.0.tgz#9bb92790d9c0effec63be73519e11a35019a3a72"
  integrity sha512-3wdGidZyq5PB084XLES5TpOSRA3wjXAlIWMhum2kRcv/41Sn2emQ0dycQW4uZXLejwKvg6EsvbdlVL+FYEct7A==
